
Microsoft Visual Studio Solution File, Format Version 12.00
# Visual Studio Version 16
VisualStudioVersion = 16.0.30503.244
MinimumVisualStudioVersion = 10.0.40219.1
Project("{FAE04EC0-301F-11D3-BF4B-00C04F79EFBC}") = "ShopBridge", "ShopBridge\ShopBridge.csproj", "{71F0E2CC-EB5E-4CFA-ABBE-43C9A2254545}"
EndProject
Project("{FAE04EC0-301F-11D3-BF4B-00C04F79EFBC}") = "ShopBridgeTestProject", "ShopBridgeTestProject\ShopBridgeTestProject.csproj", "{75166B61-2309-48F1-9B97-3DF9C4E8EE4F}"
EndProject
Global
	GlobalSection(SolutionConfigurationPlatforms) = preSolution
		Debug|Any CPU = Debug|Any CPU
		Release|Any CPU = Release|Any CPU
	EndGlobalSection
	GlobalSection(ProjectConfigurationPlatforms) = postSolution
		{71F0E2CC-EB5E-4CFA-ABBE-43C9A2254545}.Debug|Any CPU.ActiveCfg = Debug|Any CPU
		{71F0E2CC-EB5E-4CFA-ABBE-43C9A2254545}.Debug|Any CPU.Build.0 = Debug|Any CPU
		{71F0E2CC-EB5E-4CFA-ABBE-43C9A2254545}.Release|Any CPU.ActiveCfg = Release|Any CPU
		{71F0E2CC-EB5E-4CFA-ABBE-43C9A2254545}.Release|Any CPU.Build.0 = Release|Any CPU
		{75166B61-2309-48F1-9B97-3DF9C4E8EE4F}.Debug|Any CPU.ActiveCfg = Debug|Any CPU
		{75166B61-2309-48F1-9B97-3DF9C4E8EE4F}.Debug|Any CPU.Build.0 = Debug|Any CPU
		{75166B61-2309-48F1-9B97-3DF9C4E8EE4F}.Release|Any CPU.ActiveCfg = Release|Any CPU
		{75166B61-2309-48F1-9B97-3DF9C4E8EE4F}.Release|Any CPU.Build.0 = Release|Any CPU
	EndGlobalSection
	GlobalSection(SolutionProperties) = preSolution
		HideSolutionNode = FALSE
	EndGlobalSection
	GlobalSection(ExtensibilityGlobals) = postSolution
		SolutionGuid = {2D048B35-8B2E-4427-86FF-0EEE8E743BCF}
	EndGlobalSection
EndGlobal
